// !$*UTF8*$!
{
	archiveVersion = 1;
	classes = {
	};
	objectVersion = 54;
	objects = {

/* Begin PBXBuildFile section */
		00E356F31AD99517003FC87E /* CallieTests.m in Sources */ = {isa = PBXBuildFile; fileRef = 00E356F21AD99517003FC87E /* CallieTests.m */; };
		102312C0EA7C4AF68B112523 /* Poppins-MediumItalic.ttf in Resources */ = {isa = PBXBuildFile; fileRef = A0A858B2F7FC4ACDB07B449C /* Poppins-MediumItalic.ttf */; };
		13B07FBC1A68108700A75B9A /* AppDelegate.mm in Sources */ = {isa = PBXBuildFile; fileRef = 13B07FB01A68108700A75B9A /* AppDelegate.mm */; };
		13B07FBF1A68108700A75B9A /* Images.xcassets in Resources */ = {isa = PBXBuildFile; fileRef = 13B07FB51A68108700A75B9A /* Images.xcassets */; };
		13B07FC11A68108700A75B9A /* main.m in Sources */ = {isa = PBXBuildFile; fileRef = 13B07FB71A68108700A75B9A /* main.m */; };
		1720DE3E2D024230A610B5F1 /* Poppins-Regular.ttf in Resources */ = {isa = PBXBuildFile; fileRef = 0406F810C47A4E0C900049D2 /* Poppins-Regular.ttf */; };
		284DB99647964234ABA49CA0 /* Poppins-BoldItalic.ttf in Resources */ = {isa = PBXBuildFile; fileRef = A315832D9BF74D2AB11566A5 /* Poppins-BoldItalic.ttf */; };
		2E656CBAF9454375BD1E617E /* README.txt in Resources */ = {isa = PBXBuildFile; fileRef = 386C9445AB9840F2993E0CBF /* README.txt */; };
		35802672A17E4BC09CEAF02F /* Inter-Black.ttf in Resources */ = {isa = PBXBuildFile; fileRef = 08C75271BE1C429A8671580C /* Inter-Black.ttf */; };
		45CD1CDD408341AD91938BAA /* OFL.txt in Resources */ = {isa = PBXBuildFile; fileRef = 3DBE281659E941E09FB2E5AB /* OFL.txt */; };
		50E025E8437642748EFCE04B /* Inter-SemiBold.ttf in Resources */ = {isa = PBXBuildFile; fileRef = 3878042E057D402FB00F5691 /* Inter-SemiBold.ttf */; };
		5466310B98FB46C897701CE3 /* Inter-Medium.ttf in Resources */ = {isa = PBXBuildFile; fileRef = 7F1EA0A1CB7446D193015ABE /* Inter-Medium.ttf */; };
		5765213940C17B31A7DDFC58 /* libPods-Callie-CallieTests.a in Frameworks */ = {isa = PBXBuildFile; fileRef = 62D5F9A9B1D4832F08C37BF2 /* libPods-Callie-CallieTests.a */; };
		5C832506BAB044C1BD6DFBD3 /* Inter-Thin.ttf in Resources */ = {isa = PBXBuildFile; fileRef = 637715151C0A42699D14C9B8 /* Inter-Thin.ttf */; };
		64B0B64D24864206A125240B /* Poppins-Thin.ttf in Resources */ = {isa = PBXBuildFile; fileRef = 0766C4FCFC374CEDB16A4996 /* Poppins-Thin.ttf */; };
		682FDC03E6C24B7EBC896422 /* README 2.txt in Resources */ = {isa = PBXBuildFile; fileRef = E799D862CC954017A5805B72 /* README 2.txt */; };
		74D1AA562A4A503C0079992B /* GoogleService-Info.plist in Resources */ = {isa = PBXBuildFile; fileRef = 74D1AA552A4A503C0079992B /* GoogleService-Info.plist */; };
		76EC7BADD83E445D9F8E9EA0 /* Poppins-ThinItalic.ttf in Resources */ = {isa = PBXBuildFile; fileRef = 2426510E32454F6FB2F21255 /* Poppins-ThinItalic.ttf */; };
		76F1D04664544DAE858700DA /* Inter-ExtraBold.ttf in Resources */ = {isa = PBXBuildFile; fileRef = A81521FD8C1448EE890F1650 /* Inter-ExtraBold.ttf */; };
		804C9267AFBA4C84A0DC10EE /* Poppins-Medium.ttf in Resources */ = {isa = PBXBuildFile; fileRef = E5EED7D93D8F449A80E3CC48 /* Poppins-Medium.ttf */; };
		805AE1A8CF3A45BD967DAC3C /* Poppins-SemiBoldItalic.ttf in Resources */ = {isa = PBXBuildFile; fileRef = 424D12648AF944479859A843 /* Poppins-SemiBoldItalic.ttf */; };
		81AB9BB82411601600AC10FF /* LaunchScreen.storyboard in Resources */ = {isa = PBXBuildFile; fileRef = 81AB9BB72411601600AC10FF /* LaunchScreen.storyboard */; };
		84AE3D4687EA474E9B44D81A /* Inter-ExtraLight.ttf in Resources */ = {isa = PBXBuildFile; fileRef = 48497E83260443179C5578A3 /* Inter-ExtraLight.ttf */; };
		8F67279AE8AD4594920A7086 /* Poppins-Italic.ttf in Resources */ = {isa = PBXBuildFile; fileRef = 1692D91975F249B09613A560 /* Poppins-Italic.ttf */; };
		97766FCFD70B4753A6FB69F4 /* Inter-VariableFont_slnt,wght 2.ttf in Resources */ = {isa = PBXBuildFile; fileRef = 81D046B508CA4374971420D6 /* Inter-VariableFont_slnt,wght 2.ttf */; };
		99760C73EF3BE255CB43569B /* libPods-Callie.a in Frameworks */ = {isa = PBXBuildFile; fileRef = 611E4030F0203B80C22555C4 /* libPods-Callie.a */; };
		99EE476C66334E81BB0DE110 /* Inter-Bold.ttf in Resources */ = {isa = PBXBuildFile; fileRef = 22A50E421DAC46C8BCC814CB /* Inter-Bold.ttf */; };
		9AA1313FEEC943D3933F62DC /* Poppins-Light.ttf in Resources */ = {isa = PBXBuildFile; fileRef = 2646C3714525418C91F1F2C8 /* Poppins-Light.ttf */; };
		A551167D9BCB480ABA87E4B4 /* Inter-VariableFont_slnt,wght.ttf in Resources */ = {isa = PBXBuildFile; fileRef = AE3E2FF881874913903F3914 /* Inter-VariableFont_slnt,wght.ttf */; };
		BD90DB377D934D31AA8C79D6 /* Poppins-Bold.ttf in Resources */ = {isa = PBXBuildFile; fileRef = AAB1E16D7AFB43AE8BC6C966 /* Poppins-Bold.ttf */; };
		BEAF945F6F284897B6E5ED31 /* Poppins-ExtraLight.ttf in Resources */ = {isa = PBXBuildFile; fileRef = 9648B804DAB5417493D29B25 /* Poppins-ExtraLight.ttf */; };
		C272B32741094BA698AE805D /* Poppins-ExtraBold.ttf in Resources */ = {isa = PBXBuildFile; fileRef = 7EEF636F9C634149B75B67A9 /* Poppins-ExtraBold.ttf */; };
		C4FD115BCBFB44AC98805CF4 /* Inter-Light.ttf in Resources */ = {isa = PBXBuildFile; fileRef = 9D03981F41764E71AFD351A4 /* Inter-Light.ttf */; };
		D219BBF7EF0E427FB86A4DFE /* Poppins-Black.ttf in Resources */ = {isa = PBXBuildFile; fileRef = EFDB6A9D2C3C43F9A3534D13 /* Poppins-Black.ttf */; };
		D61D74E182114998906A5D3E /* Poppins-LightItalic.ttf in Resources */ = {isa = PBXBuildFile; fileRef = 3B8FFD2604294198BCF2E83C /* Poppins-LightItalic.ttf */; };
		DD0A08BDCB014AAB9774E250 /* Poppins-ExtraBoldItalic.ttf in Resources */ = {isa = PBXBuildFile; fileRef = 4C13A913A92E4D2087421530 /* Poppins-ExtraBoldItalic.ttf */; };
		E3407157D5444D4EAC921C66 /* Poppins-ExtraLightItalic.ttf in Resources */ = {isa = PBXBuildFile; fileRef = 6AAE6C143C674536B1B052BD /* Poppins-ExtraLightItalic.ttf */; };
		F2FF81DC78C94849AAB39136 /* Inter-Regular.ttf in Resources */ = {isa = PBXBuildFile; fileRef = 34ABB7A8DD1D49DC9CA26318 /* Inter-Regular.ttf */; };
		FB11442A848D420795F202AC /* Poppins-BlackItalic.ttf in Resources */ = {isa = PBXBuildFile; fileRef = ED0327B2732C49CDB9A7A470 /* Poppins-BlackItalic.ttf */; };
		FDB0176AA082408284705ED5 /* Poppins-SemiBold.ttf in Resources */ = {isa = PBXBuildFile; fileRef = 928B4E824001435689DD415B /* Poppins-SemiBold.ttf */; };
/* End PBXBuildFile section */

/* Begin PBXContainerItemProxy section */
		00E356F41AD99517003FC87E /* PBXContainerItemProxy */ = {
			isa = PBXContainerItemProxy;
			containerPortal = 83CBB9F71A601CBA00E9B192 /* Project object */;
			proxyType = 1;
			remoteGlobalIDString = 13B07F861A680F5B00A75B9A;
			remoteInfo = Callie;
		};
/* End PBXContainerItemProxy section */

/* Begin PBXFileReference section */
		00E356EE1AD99517003FC87E /* CallieTests.xctest */ = {isa = PBXFileReference; explicitFileType = wrapper.cfbundle; includeInIndex = 0; path = CallieTests.xctest; sourceTree = BUILT_PRODUCTS_DIR; };
		00E356F11AD99517003FC87E /* Info.plist */ = {isa = PBXFileReference; lastKnownFileType = text.plist.xml; path = Info.plist; sourceTree = "<group>"; };
		00E356F21AD99517003FC87E /* CallieTests.m */ = {isa = PBXFileReference; lastKnownFileType = sourcecode.c.objc; path = CallieTests.m; sourceTree = "<group>"; };
		0406F810C47A4E0C900049D2 /* Poppins-Regular.ttf */ = {isa = PBXFileReference; explicitFileType = undefined; fileEncoding = 9; includeInIndex = 0; lastKnownFileType = unknown; name = "Poppins-Regular.ttf"; path = "../assets/fonts/Poppins-Regular.ttf"; sourceTree = "<group>"; };
		0766C4FCFC374CEDB16A4996 /* Poppins-Thin.ttf */ = {isa = PBXFileReference; explicitFileType = undefined; fileEncoding = 9; includeInIndex = 0; lastKnownFileType = unknown; name = "Poppins-Thin.ttf"; path = "../assets/fonts/Poppins-Thin.ttf"; sourceTree = "<group>"; };
		08C75271BE1C429A8671580C /* Inter-Black.ttf */ = {isa = PBXFileReference; explicitFileType = undefined; fileEncoding = 9; includeInIndex = 0; lastKnownFileType = unknown; name = "Inter-Black.ttf"; path = "../assets/fonts/static/Inter-Black.ttf"; sourceTree = "<group>"; };
		11995A0A2C7349C386DA2731 /* Ionicons.ttf */ = {isa = PBXFileReference; explicitFileType = undefined; fileEncoding = 9; includeInIndex = 0; lastKnownFileType = unknown; name = Ionicons.ttf; path = ../assets/fonts/Ionicons.ttf; sourceTree = "<group>"; };
		13B07F961A680F5B00A75B9A /* Callie.app */ = {isa = PBXFileReference; explicitFileType = wrapper.application; includeInIndex = 0; path = Callie.app; sourceTree = BUILT_PRODUCTS_DIR; };
		13B07FAF1A68108700A75B9A /* AppDelegate.h */ = {isa = PBXFileReference; fileEncoding = 4; lastKnownFileType = sourcecode.c.h; name = AppDelegate.h; path = Callie/AppDelegate.h; sourceTree = "<group>"; };
		13B07FB01A68108700A75B9A /* AppDelegate.mm */ = {isa = PBXFileReference; fileEncoding = 4; lastKnownFileType = sourcecode.cpp.objcpp; name = AppDelegate.mm; path = Callie/AppDelegate.mm; sourceTree = "<group>"; };
		13B07FB51A68108700A75B9A /* Images.xcassets */ = {isa = PBXFileReference; lastKnownFileType = folder.assetcatalog; name = Images.xcassets; path = Callie/Images.xcassets; sourceTree = "<group>"; };
		13B07FB61A68108700A75B9A /* Info.plist */ = {isa = PBXFileReference; fileEncoding = 4; lastKnownFileType = text.plist.xml; name = Info.plist; path = Callie/Info.plist; sourceTree = "<group>"; };
		13B07FB71A68108700A75B9A /* main.m */ = {isa = PBXFileReference; fileEncoding = 4; lastKnownFileType = sourcecode.c.objc; name = main.m; path = Callie/main.m; sourceTree = "<group>"; };
		1692D91975F249B09613A560 /* Poppins-Italic.ttf */ = {isa = PBXFileReference; explicitFileType = undefined; fileEncoding = 9; includeInIndex = 0; lastKnownFileType = unknown; name = "Poppins-Italic.ttf"; path = "../assets/fonts/Poppins-Italic.ttf"; sourceTree = "<group>"; };
		22A50E421DAC46C8BCC814CB /* Inter-Bold.ttf */ = {isa = PBXFileReference; explicitFileType = undefined; fileEncoding = 9; includeInIndex = 0; lastKnownFileType = unknown; name = "Inter-Bold.ttf"; path = "../assets/fonts/static/Inter-Bold.ttf"; sourceTree = "<group>"; };
		2426510E32454F6FB2F21255 /* Poppins-ThinItalic.ttf */ = {isa = PBXFileReference; explicitFileType = undefined; fileEncoding = 9; includeInIndex = 0; lastKnownFileType = unknown; name = "Poppins-ThinItalic.ttf"; path = "../assets/fonts/Poppins-ThinItalic.ttf"; sourceTree = "<group>"; };
		2646C3714525418C91F1F2C8 /* Poppins-Light.ttf */ = {isa = PBXFileReference; explicitFileType = undefined; fileEncoding = 9; includeInIndex = 0; lastKnownFileType = unknown; name = "Poppins-Light.ttf"; path = "../assets/fonts/Poppins-Light.ttf"; sourceTree = "<group>"; };
		307EDE892B48416A8C95BCC6 /* FontAwesome5_Brands.ttf */ = {isa = PBXFileReference; explicitFileType = undefined; fileEncoding = 9; includeInIndex = 0; lastKnownFileType = unknown; name = FontAwesome5_Brands.ttf; path = ../assets/fonts/FontAwesome5_Brands.ttf; sourceTree = "<group>"; };
		34ABB7A8DD1D49DC9CA26318 /* Inter-Regular.ttf */ = {isa = PBXFileReference; explicitFileType = undefined; fileEncoding = 9; includeInIndex = 0; lastKnownFileType = unknown; name = "Inter-Regular.ttf"; path = "../assets/fonts/static/Inter-Regular.ttf"; sourceTree = "<group>"; };
		386C9445AB9840F2993E0CBF /* README.txt */ = {isa = PBXFileReference; explicitFileType = undefined; fileEncoding = 9; includeInIndex = 0; lastKnownFileType = unknown; name = README.txt; path = ../assets/fonts/README.txt; sourceTree = "<group>"; };
		3878042E057D402FB00F5691 /* Inter-SemiBold.ttf */ = {isa = PBXFileReference; explicitFileType = undefined; fileEncoding = 9; includeInIndex = 0; lastKnownFileType = unknown; name = "Inter-SemiBold.ttf"; path = "../assets/fonts/static/Inter-SemiBold.ttf"; sourceTree = "<group>"; };
		3B8FFD2604294198BCF2E83C /* Poppins-LightItalic.ttf */ = {isa = PBXFileReference; explicitFileType = undefined; fileEncoding = 9; includeInIndex = 0; lastKnownFileType = unknown; name = "Poppins-LightItalic.ttf"; path = "../assets/fonts/Poppins-LightItalic.ttf"; sourceTree = "<group>"; };
		3DBE281659E941E09FB2E5AB /* OFL.txt */ = {isa = PBXFileReference; explicitFileType = undefined; fileEncoding = 9; includeInIndex = 0; lastKnownFileType = unknown; name = OFL.txt; path = ../assets/fonts/OFL.txt; sourceTree = "<group>"; };
		424D12648AF944479859A843 /* Poppins-SemiBoldItalic.ttf */ = {isa = PBXFileReference; explicitFileType = undefined; fileEncoding = 9; includeInIndex = 0; lastKnownFileType = unknown; name = "Poppins-SemiBoldItalic.ttf"; path = "../assets/fonts/Poppins-SemiBoldItalic.ttf"; sourceTree = "<group>"; };
		48497E83260443179C5578A3 /* Inter-ExtraLight.ttf */ = {isa = PBXFileReference; explicitFileType = undefined; fileEncoding = 9; includeInIndex = 0; lastKnownFileType = unknown; name = "Inter-ExtraLight.ttf"; path = "../assets/fonts/static/Inter-ExtraLight.ttf"; sourceTree = "<group>"; };
		4954C5B78DFA453FABC9F40F /* Feather.ttf */ = {isa = PBXFileReference; explicitFileType = undefined; fileEncoding = 9; includeInIndex = 0; lastKnownFileType = unknown; name = Feather.ttf; path = ../assets/fonts/Feather.ttf; sourceTree = "<group>"; };
		4C13A913A92E4D2087421530 /* Poppins-ExtraBoldItalic.ttf */ = {isa = PBXFileReference; explicitFileType = undefined; fileEncoding = 9; includeInIndex = 0; lastKnownFileType = unknown; name = "Poppins-ExtraBoldItalic.ttf"; path = "../assets/fonts/Poppins-ExtraBoldItalic.ttf"; sourceTree = "<group>"; };
		5EF38957B8A8DBBE966308BD /* Pods-Callie.release.xcconfig */ = {isa = PBXFileReference; includeInIndex = 1; lastKnownFileType = text.xcconfig; name = "Pods-Callie.release.xcconfig"; path = "Target Support Files/Pods-Callie/Pods-Callie.release.xcconfig"; sourceTree = "<group>"; };
		611E4030F0203B80C22555C4 /* libPods-Callie.a */ = {isa = PBXFileReference; explicitFileType = archive.ar; includeInIndex = 0; path = "libPods-Callie.a"; sourceTree = BUILT_PRODUCTS_DIR; };
		61AFD5EAEAA44F38A5B85042 /* MaterialCommunityIcons.ttf */ = {isa = PBXFileReference; explicitFileType = undefined; fileEncoding = 9; includeInIndex = 0; lastKnownFileType = unknown; name = MaterialCommunityIcons.ttf; path = ../assets/fonts/MaterialCommunityIcons.ttf; sourceTree = "<group>"; };
		62D5F9A9B1D4832F08C37BF2 /* libPods-Callie-CallieTests.a */ = {isa = PBXFileReference; explicitFileType = archive.ar; includeInIndex = 0; path = "libPods-Callie-CallieTests.a"; sourceTree = BUILT_PRODUCTS_DIR; };
		637715151C0A42699D14C9B8 /* Inter-Thin.ttf */ = {isa = PBXFileReference; explicitFileType = undefined; fileEncoding = 9; includeInIndex = 0; lastKnownFileType = unknown; name = "Inter-Thin.ttf"; path = "../assets/fonts/static/Inter-Thin.ttf"; sourceTree = "<group>"; };
		66D2D3A05747443CBAFDEBD3 /* Octicons.ttf */ = {isa = PBXFileReference; explicitFileType = undefined; fileEncoding = 9; includeInIndex = 0; lastKnownFileType = unknown; name = Octicons.ttf; path = ../assets/fonts/Octicons.ttf; sourceTree = "<group>"; };
		6877ADE7FFF64D3D8B8C133E /* AntDesign.ttf */ = {isa = PBXFileReference; explicitFileType = undefined; fileEncoding = 9; includeInIndex = 0; lastKnownFileType = unknown; name = AntDesign.ttf; path = ../assets/fonts/AntDesign.ttf; sourceTree = "<group>"; };
		6AAE6C143C674536B1B052BD /* Poppins-ExtraLightItalic.ttf */ = {isa = PBXFileReference; explicitFileType = undefined; fileEncoding = 9; includeInIndex = 0; lastKnownFileType = unknown; name = "Poppins-ExtraLightItalic.ttf"; path = "../assets/fonts/Poppins-ExtraLightItalic.ttf"; sourceTree = "<group>"; };
		74D1AA552A4A503C0079992B /* GoogleService-Info.plist */ = {isa = PBXFileReference; fileEncoding = 4; lastKnownFileType = text.plist.xml; path = "GoogleService-Info.plist"; sourceTree = "<group>"; };
		7B1C46EC840344096B2A8254 /* Pods-Callie.debug.xcconfig */ = {isa = PBXFileReference; includeInIndex = 1; lastKnownFileType = text.xcconfig; name = "Pods-Callie.debug.xcconfig"; path = "Target Support Files/Pods-Callie/Pods-Callie.debug.xcconfig"; sourceTree = "<group>"; };
		7EEF636F9C634149B75B67A9 /* Poppins-ExtraBold.ttf */ = {isa = PBXFileReference; explicitFileType = undefined; fileEncoding = 9; includeInIndex = 0; lastKnownFileType = unknown; name = "Poppins-ExtraBold.ttf"; path = "../assets/fonts/Poppins-ExtraBold.ttf"; sourceTree = "<group>"; };
		7F1EA0A1CB7446D193015ABE /* Inter-Medium.ttf */ = {isa = PBXFileReference; explicitFileType = undefined; fileEncoding = 9; includeInIndex = 0; lastKnownFileType = unknown; name = "Inter-Medium.ttf"; path = "../assets/fonts/static/Inter-Medium.ttf"; sourceTree = "<group>"; };
		81AB9BB72411601600AC10FF /* LaunchScreen.storyboard */ = {isa = PBXFileReference; fileEncoding = 4; lastKnownFileType = file.storyboard; name = LaunchScreen.storyboard; path = Callie/LaunchScreen.storyboard; sourceTree = "<group>"; };
		81D046B508CA4374971420D6 /* Inter-VariableFont_slnt,wght 2.ttf */ = {isa = PBXFileReference; explicitFileType = undefined; fileEncoding = 9; includeInIndex = 0; lastKnownFileType = unknown; name = "Inter-VariableFont_slnt,wght 2.ttf"; path = "../assets/fonts/Inter-VariableFont_slnt,wght 2.ttf"; sourceTree = "<group>"; };
		88896F8A85C242E382FB89E8 /* Foundation.ttf */ = {isa = PBXFileReference; explicitFileType = undefined; fileEncoding = 9; includeInIndex = 0; lastKnownFileType = unknown; name = Foundation.ttf; path = ../assets/fonts/Foundation.ttf; sourceTree = "<group>"; };
		8A647F3BDDDEAD5782BDEE19 /* Pods-Callie-CallieTests.debug.xcconfig */ = {isa = PBXFileReference; includeInIndex = 1; lastKnownFileType = text.xcconfig; name = "Pods-Callie-CallieTests.debug.xcconfig"; path = "Target Support Files/Pods-Callie-CallieTests/Pods-Callie-CallieTests.debug.xcconfig"; sourceTree = "<group>"; };
		8B6FE0655C074179A14D41E3 /* Entypo.ttf */ = {isa = PBXFileReference; explicitFileType = undefined; fileEncoding = 9; includeInIndex = 0; lastKnownFileType = unknown; name = Entypo.ttf; path = ../assets/fonts/Entypo.ttf; sourceTree = "<group>"; };
		928B4E824001435689DD415B /* Poppins-SemiBold.ttf */ = {isa = PBXFileReference; explicitFileType = undefined; fileEncoding = 9; includeInIndex = 0; lastKnownFileType = unknown; name = "Poppins-SemiBold.ttf"; path = "../assets/fonts/Poppins-SemiBold.ttf"; sourceTree = "<group>"; };
		9648B804DAB5417493D29B25 /* Poppins-ExtraLight.ttf */ = {isa = PBXFileReference; explicitFileType = undefined; fileEncoding = 9; includeInIndex = 0; lastKnownFileType = unknown; name = "Poppins-ExtraLight.ttf"; path = "../assets/fonts/Poppins-ExtraLight.ttf"; sourceTree = "<group>"; };
		98E6869A6DB740CAB160B215 /* Fontisto.ttf */ = {isa = PBXFileReference; explicitFileType = undefined; fileEncoding = 9; includeInIndex = 0; lastKnownFileType = unknown; name = Fontisto.ttf; path = ../assets/fonts/Fontisto.ttf; sourceTree = "<group>"; };
		9D03981F41764E71AFD351A4 /* Inter-Light.ttf */ = {isa = PBXFileReference; explicitFileType = undefined; fileEncoding = 9; includeInIndex = 0; lastKnownFileType = unknown; name = "Inter-Light.ttf"; path = "../assets/fonts/static/Inter-Light.ttf"; sourceTree = "<group>"; };
		A0A858B2F7FC4ACDB07B449C /* Poppins-MediumItalic.ttf */ = {isa = PBXFileReference; explicitFileType = undefined; fileEncoding = 9; includeInIndex = 0; lastKnownFileType = unknown; name = "Poppins-MediumItalic.ttf"; path = "../assets/fonts/Poppins-MediumItalic.ttf"; sourceTree = "<group>"; };
		A315832D9BF74D2AB11566A5 /* Poppins-BoldItalic.ttf */ = {isa = PBXFileReference; explicitFileType = undefined; fileEncoding = 9; includeInIndex = 0; lastKnownFileType = unknown; name = "Poppins-BoldItalic.ttf"; path = "../assets/fonts/Poppins-BoldItalic.ttf"; sourceTree = "<group>"; };
		A81521FD8C1448EE890F1650 /* Inter-ExtraBold.ttf */ = {isa = PBXFileReference; explicitFileType = undefined; fileEncoding = 9; includeInIndex = 0; lastKnownFileType = unknown; name = "Inter-ExtraBold.ttf"; path = "../assets/fonts/static/Inter-ExtraBold.ttf"; sourceTree = "<group>"; };
		A9E1D6F38A264A21BC93F957 /* FontAwesome.ttf */ = {isa = PBXFileReference; explicitFileType = undefined; fileEncoding = 9; includeInIndex = 0; lastKnownFileType = unknown; name = FontAwesome.ttf; path = ../assets/fonts/FontAwesome.ttf; sourceTree = "<group>"; };
		AAB1E16D7AFB43AE8BC6C966 /* Poppins-Bold.ttf */ = {isa = PBXFileReference; explicitFileType = undefined; fileEncoding = 9; includeInIndex = 0; lastKnownFileType = unknown; name = "Poppins-Bold.ttf"; path = "../assets/fonts/Poppins-Bold.ttf"; sourceTree = "<group>"; };
		AE3E2FF881874913903F3914 /* Inter-VariableFont_slnt,wght.ttf */ = {isa = PBXFileReference; explicitFileType = undefined; fileEncoding = 9; includeInIndex = 0; lastKnownFileType = unknown; name = "Inter-VariableFont_slnt,wght.ttf"; path = "../assets/fonts/Inter-VariableFont_slnt,wght.ttf"; sourceTree = "<group>"; };
		AEE7B888B6244470BF26B029 /* MaterialIcons.ttf */ = {isa = PBXFileReference; explicitFileType = undefined; fileEncoding = 9; includeInIndex = 0; lastKnownFileType = unknown; name = MaterialIcons.ttf; path = ../assets/fonts/MaterialIcons.ttf; sourceTree = "<group>"; };
		B78A589D92E14BA6AB5F50F1 /* Zocial.ttf */ = {isa = PBXFileReference; explicitFileType = undefined; fileEncoding = 9; includeInIndex = 0; lastKnownFileType = unknown; name = Zocial.ttf; path = ../assets/fonts/Zocial.ttf; sourceTree = "<group>"; };
		C145446DB27A4FEFAF052356 /* FontAwesome5_Solid.ttf */ = {isa = PBXFileReference; explicitFileType = undefined; fileEncoding = 9; includeInIndex = 0; lastKnownFileType = unknown; name = FontAwesome5_Solid.ttf; path = ../assets/fonts/FontAwesome5_Solid.ttf; sourceTree = "<group>"; };
		CB4B8EAD5FC74CB292528342 /* FontAwesome5_Regular.ttf */ = {isa = PBXFileReference; explicitFileType = undefined; fileEncoding = 9; includeInIndex = 0; lastKnownFileType = unknown; name = FontAwesome5_Regular.ttf; path = ../assets/fonts/FontAwesome5_Regular.ttf; sourceTree = "<group>"; };
		D75206B8610443FE89385737 /* EvilIcons.ttf */ = {isa = PBXFileReference; explicitFileType = undefined; fileEncoding = 9; includeInIndex = 0; lastKnownFileType = unknown; name = EvilIcons.ttf; path = ../assets/fonts/EvilIcons.ttf; sourceTree = "<group>"; };
		E5EED7D93D8F449A80E3CC48 /* Poppins-Medium.ttf */ = {isa = PBXFileReference; explicitFileType = undefined; fileEncoding = 9; includeInIndex = 0; lastKnownFileType = unknown; name = "Poppins-Medium.ttf"; path = "../assets/fonts/Poppins-Medium.ttf"; sourceTree = "<group>"; };
		E799D862CC954017A5805B72 /* README 2.txt */ = {isa = PBXFileReference; explicitFileType = undefined; fileEncoding = 9; includeInIndex = 0; lastKnownFileType = unknown; name = "README 2.txt"; path = "../assets/fonts/README 2.txt"; sourceTree = "<group>"; };
		ED0327B2732C49CDB9A7A470 /* Poppins-BlackItalic.ttf */ = {isa = PBXFileReference; explicitFileType = undefined; fileEncoding = 9; includeInIndex = 0; lastKnownFileType = unknown; name = "Poppins-BlackItalic.ttf"; path = "../assets/fonts/Poppins-BlackItalic.ttf"; sourceTree = "<group>"; };
		ED297162215061F000B7C4FE /* JavaScriptCore.framework */ = {isa = PBXFileReference; lastKnownFileType = wrapper.framework; name = JavaScriptCore.framework; path = System/Library/Frameworks/JavaScriptCore.framework; sourceTree = SDKROOT; };
		EF65F15124574D9A95E76B44 /* SimpleLineIcons.ttf */ = {isa = PBXFileReference; explicitFileType = undefined; fileEncoding = 9; includeInIndex = 0; lastKnownFileType = unknown; name = SimpleLineIcons.ttf; path = ../assets/fonts/SimpleLineIcons.ttf; sourceTree = "<group>"; };
		EFDB6A9D2C3C43F9A3534D13 /* Poppins-Black.ttf */ = {isa = PBXFileReference; explicitFileType = undefined; fileEncoding = 9; includeInIndex = 0; lastKnownFileType = unknown; name = "Poppins-Black.ttf"; path = "../assets/fonts/Poppins-Black.ttf"; sourceTree = "<group>"; };
		F6D4575B42BEB0CC84BE29BD /* Pods-Callie-CallieTests.release.xcconfig */ = {isa = PBXFileReference; includeInIndex = 1; lastKnownFileType = text.xcconfig; name = "Pods-Callie-CallieTests.release.xcconfig"; path = "Target Support Files/Pods-Callie-CallieTests/Pods-Callie-CallieTests.release.xcconfig"; sourceTree = "<group>"; };
/* End PBXFileReference section */

/* Begin PBXFrameworksBuildPhase section */
		00E356EB1AD99517003FC87E /* Frameworks */ = {
			isa = PBXFrameworksBuildPhase;
			buildActionMask = 2147483647;
			files = (
				5765213940C17B31A7DDFC58 /* libPods-Callie-CallieTests.a in Frameworks */,
			);
			runOnlyForDeploymentPostprocessing = 0;
		};
		13B07F8C1A680F5B00A75B9A /* Frameworks */ = {
			isa = PBXFrameworksBuildPhase;
			buildActionMask = 2147483647;
			files = (
				99760C73EF3BE255CB43569B /* libPods-Callie.a in Frameworks */,
			);
			runOnlyForDeploymentPostprocessing = 0;
		};
/* End PBXFrameworksBuildPhase section */

/* Begin PBXGroup section */
		00E356EF1AD99517003FC87E /* CallieTests */ = {
			isa = PBXGroup;
			children = (
				00E356F21AD99517003FC87E /* CallieTests.m */,
				00E356F01AD99517003FC87E /* Supporting Files */,
			);
			path = CallieTests;
			sourceTree = "<group>";
		};
		00E356F01AD99517003FC87E /* Supporting Files */ = {
			isa = PBXGroup;
			children = (
				00E356F11AD99517003FC87E /* Info.plist */,
			);
			name = "Supporting Files";
			sourceTree = "<group>";
		};
		13B07FAE1A68108700A75B9A /* Callie */ = {
			isa = PBXGroup;
			children = (
				13B07FAF1A68108700A75B9A /* AppDelegate.h */,
				13B07FB01A68108700A75B9A /* AppDelegate.mm */,
				13B07FB51A68108700A75B9A /* Images.xcassets */,
				13B07FB61A68108700A75B9A /* Info.plist */,
				81AB9BB72411601600AC10FF /* LaunchScreen.storyboard */,
				13B07FB71A68108700A75B9A /* main.m */,
			);
			name = Callie;
			sourceTree = "<group>";
		};
		1B10DA3D98194D9981067565 /* Resources */ = {
			isa = PBXGroup;
			children = (
				EFDB6A9D2C3C43F9A3534D13 /* Poppins-Black.ttf */,
				ED0327B2732C49CDB9A7A470 /* Poppins-BlackItalic.ttf */,
				AAB1E16D7AFB43AE8BC6C966 /* Poppins-Bold.ttf */,
				A315832D9BF74D2AB11566A5 /* Poppins-BoldItalic.ttf */,
				7EEF636F9C634149B75B67A9 /* Poppins-ExtraBold.ttf */,
				4C13A913A92E4D2087421530 /* Poppins-ExtraBoldItalic.ttf */,
				9648B804DAB5417493D29B25 /* Poppins-ExtraLight.ttf */,
				6AAE6C143C674536B1B052BD /* Poppins-ExtraLightItalic.ttf */,
				1692D91975F249B09613A560 /* Poppins-Italic.ttf */,
				2646C3714525418C91F1F2C8 /* Poppins-Light.ttf */,
				3B8FFD2604294198BCF2E83C /* Poppins-LightItalic.ttf */,
				E5EED7D93D8F449A80E3CC48 /* Poppins-Medium.ttf */,
				A0A858B2F7FC4ACDB07B449C /* Poppins-MediumItalic.ttf */,
				0406F810C47A4E0C900049D2 /* Poppins-Regular.ttf */,
				928B4E824001435689DD415B /* Poppins-SemiBold.ttf */,
				424D12648AF944479859A843 /* Poppins-SemiBoldItalic.ttf */,
				0766C4FCFC374CEDB16A4996 /* Poppins-Thin.ttf */,
				2426510E32454F6FB2F21255 /* Poppins-ThinItalic.ttf */,
				81D046B508CA4374971420D6 /* Inter-VariableFont_slnt,wght 2.ttf */,
				AE3E2FF881874913903F3914 /* Inter-VariableFont_slnt,wght.ttf */,
				08C75271BE1C429A8671580C /* Inter-Black.ttf */,
				22A50E421DAC46C8BCC814CB /* Inter-Bold.ttf */,
				A81521FD8C1448EE890F1650 /* Inter-ExtraBold.ttf */,
				48497E83260443179C5578A3 /* Inter-ExtraLight.ttf */,
				9D03981F41764E71AFD351A4 /* Inter-Light.ttf */,
				7F1EA0A1CB7446D193015ABE /* Inter-Medium.ttf */,
				34ABB7A8DD1D49DC9CA26318 /* Inter-Regular.ttf */,
				3878042E057D402FB00F5691 /* Inter-SemiBold.ttf */,
				637715151C0A42699D14C9B8 /* Inter-Thin.ttf */,
				3DBE281659E941E09FB2E5AB /* OFL.txt */,
				E799D862CC954017A5805B72 /* README 2.txt */,
				386C9445AB9840F2993E0CBF /* README.txt */,
				6877ADE7FFF64D3D8B8C133E /* AntDesign.ttf */,
				8B6FE0655C074179A14D41E3 /* Entypo.ttf */,
				D75206B8610443FE89385737 /* EvilIcons.ttf */,
				4954C5B78DFA453FABC9F40F /* Feather.ttf */,
				A9E1D6F38A264A21BC93F957 /* FontAwesome.ttf */,
				307EDE892B48416A8C95BCC6 /* FontAwesome5_Brands.ttf */,
				CB4B8EAD5FC74CB292528342 /* FontAwesome5_Regular.ttf */,
				C145446DB27A4FEFAF052356 /* FontAwesome5_Solid.ttf */,
				98E6869A6DB740CAB160B215 /* Fontisto.ttf */,
				88896F8A85C242E382FB89E8 /* Foundation.ttf */,
				11995A0A2C7349C386DA2731 /* Ionicons.ttf */,
				61AFD5EAEAA44F38A5B85042 /* MaterialCommunityIcons.ttf */,
				AEE7B888B6244470BF26B029 /* MaterialIcons.ttf */,
				66D2D3A05747443CBAFDEBD3 /* Octicons.ttf */,
				EF65F15124574D9A95E76B44 /* SimpleLineIcons.ttf */,
				B78A589D92E14BA6AB5F50F1 /* Zocial.ttf */,
			);
			name = Resources;
			sourceTree = "<group>";
		};
		2D16E6871FA4F8E400B85C8A /* Frameworks */ = {
			isa = PBXGroup;
			children = (
				ED297162215061F000B7C4FE /* JavaScriptCore.framework */,
				611E4030F0203B80C22555C4 /* libPods-Callie.a */,
				62D5F9A9B1D4832F08C37BF2 /* libPods-Callie-CallieTests.a */,
			);
			name = Frameworks;
			sourceTree = "<group>";
		};
		832341AE1AAA6A7D00B99B32 /* Libraries */ = {
			isa = PBXGroup;
			children = (
			);
			name = Libraries;
			sourceTree = "<group>";
		};
		83CBB9F61A601CBA00E9B192 = {
			isa = PBXGroup;
			children = (
				74D1AA552A4A503C0079992B /* GoogleService-Info.plist */,
				13B07FAE1A68108700A75B9A /* Callie */,
				832341AE1AAA6A7D00B99B32 /* Libraries */,
				00E356EF1AD99517003FC87E /* CallieTests */,
				83CBBA001A601CBA00E9B192 /* Products */,
				2D16E6871FA4F8E400B85C8A /* Frameworks */,
				BBD78D7AC51CEA395F1C20DB /* Pods */,
				1B10DA3D98194D9981067565 /* Resources */,
			);
			indentWidth = 2;
			sourceTree = "<group>";
			tabWidth = 2;
			usesTabs = 0;
		};
		83CBBA001A601CBA00E9B192 /* Products */ = {
			isa = PBXGroup;
			children = (
				13B07F961A680F5B00A75B9A /* Callie.app */,
				00E356EE1AD99517003FC87E /* CallieTests.xctest */,
			);
			name = Products;
			sourceTree = "<group>";
		};
		BBD78D7AC51CEA395F1C20DB /* Pods */ = {
			isa = PBXGroup;
			children = (
				7B1C46EC840344096B2A8254 /* Pods-Callie.debug.xcconfig */,
				5EF38957B8A8DBBE966308BD /* Pods-Callie.release.xcconfig */,
				8A647F3BDDDEAD5782BDEE19 /* Pods-Callie-CallieTests.debug.xcconfig */,
				F6D4575B42BEB0CC84BE29BD /* Pods-Callie-CallieTests.release.xcconfig */,
			);
			path = Pods;
			sourceTree = "<group>";
		};
/* End PBXGroup section */

/* Begin PBXNativeTarget section */
		00E356ED1AD99517003FC87E /* CallieTests */ = {
			isa = PBXNativeTarget;
			buildConfigurationList = 00E357021AD99517003FC87E /* Build configuration list for PBXNativeTarget "CallieTests" */;
			buildPhases = (
				150D37F5FE4C83B507663897 /* [CP] Check Pods Manifest.lock */,
				00E356EA1AD99517003FC87E /* Sources */,
				00E356EB1AD99517003FC87E /* Frameworks */,
				00E356EC1AD99517003FC87E /* Resources */,
				00676A81308671BA0C7CC4E5 /* [CP] Embed Pods Frameworks */,
				634EF90D1017DECCBBF1F1D6 /* [CP] Copy Pods Resources */,
			);
			buildRules = (
			);
			dependencies = (
				00E356F51AD99517003FC87E /* PBXTargetDependency */,
			);
			name = CallieTests;
			productName = CallieTests;
			productReference = 00E356EE1AD99517003FC87E /* CallieTests.xctest */;
			productType = "com.apple.product-type.bundle.unit-test";
		};
		13B07F861A680F5B00A75B9A /* Callie */ = {
			isa = PBXNativeTarget;
			buildConfigurationList = 13B07F931A680F5B00A75B9A /* Build configuration list for PBXNativeTarget "Callie" */;
			buildPhases = (
				FC0C439D988B7D4118FC3DC7 /* [CP] Check Pods Manifest.lock */,
				FD10A7F022414F080027D42C /* Start Packager */,
				13B07F871A680F5B00A75B9A /* Sources */,
				13B07F8C1A680F5B00A75B9A /* Frameworks */,
				00DD1BFF1BD5951E006B06BC /* Bundle React Native code and images */,
				13B07F8E1A680F5B00A75B9A /* Resources */,
				62833740805AC12318392AFA /* [CP] Embed Pods Frameworks */,
				B0E8ADC1BF83DCE872115C9A /* [CP] Copy Pods Resources */,
				DCDF90101C4BEFCEC543A9BB /* [CP-User] [RNFB] Core Configuration */,
			);
			buildRules = (
			);
			dependencies = (
			);
			name = Callie;
			productName = Callie;
			productReference = 13B07F961A680F5B00A75B9A /* Callie.app */;
			productType = "com.apple.product-type.application";
		};
/* End PBXNativeTarget section */

/* Begin PBXProject section */
		83CBB9F71A601CBA00E9B192 /* Project object */ = {
			isa = PBXProject;
			attributes = {
				LastUpgradeCheck = 1210;
				TargetAttributes = {
					00E356ED1AD99517003FC87E = {
						CreatedOnToolsVersion = 6.2;
						TestTargetID = 13B07F861A680F5B00A75B9A;
					};
					13B07F861A680F5B00A75B9A = {
						LastSwiftMigration = 1120;
					};
				};
			};
			buildConfigurationList = 83CBB9FA1A601CBA00E9B192 /* Build configuration list for PBXProject "Callie" */;
			compatibilityVersion = "Xcode 12.0";
			developmentRegion = en;
			hasScannedForEncodings = 0;
			knownRegions = (
				en,
				Base,
			);
			mainGroup = 83CBB9F61A601CBA00E9B192;
			productRefGroup = 83CBBA001A601CBA00E9B192 /* Products */;
			projectDirPath = "";
			projectRoot = "";
			targets = (
				13B07F861A680F5B00A75B9A /* Callie */,
				00E356ED1AD99517003FC87E /* CallieTests */,
			);
		};
/* End PBXProject section */

/* Begin PBXResourcesBuildPhase section */
		00E356EC1AD99517003FC87E /* Resources */ = {
			isa = PBXResourcesBuildPhase;
			buildActionMask = 2147483647;
			files = (
			);
			runOnlyForDeploymentPostprocessing = 0;
		};
		13B07F8E1A680F5B00A75B9A /* Resources */ = {
			isa = PBXResourcesBuildPhase;
			buildActionMask = 2147483647;
			files = (
				81AB9BB82411601600AC10FF /* LaunchScreen.storyboard in Resources */,
				13B07FBF1A68108700A75B9A /* Images.xcassets in Resources */,
				D219BBF7EF0E427FB86A4DFE /* Poppins-Black.ttf in Resources */,
				FB11442A848D420795F202AC /* Poppins-BlackItalic.ttf in Resources */,
				BD90DB377D934D31AA8C79D6 /* Poppins-Bold.ttf in Resources */,
				284DB99647964234ABA49CA0 /* Poppins-BoldItalic.ttf in Resources */,
				C272B32741094BA698AE805D /* Poppins-ExtraBold.ttf in Resources */,
				DD0A08BDCB014AAB9774E250 /* Poppins-ExtraBoldItalic.ttf in Resources */,
				BEAF945F6F284897B6E5ED31 /* Poppins-ExtraLight.ttf in Resources */,
				E3407157D5444D4EAC921C66 /* Poppins-ExtraLightItalic.ttf in Resources */,
				8F67279AE8AD4594920A7086 /* Poppins-Italic.ttf in Resources */,
				9AA1313FEEC943D3933F62DC /* Poppins-Light.ttf in Resources */,
				D61D74E182114998906A5D3E /* Poppins-LightItalic.ttf in Resources */,
				804C9267AFBA4C84A0DC10EE /* Poppins-Medium.ttf in Resources */,
				102312C0EA7C4AF68B112523 /* Poppins-MediumItalic.ttf in Resources */,
				1720DE3E2D024230A610B5F1 /* Poppins-Regular.ttf in Resources */,
				FDB0176AA082408284705ED5 /* Poppins-SemiBold.ttf in Resources */,
				805AE1A8CF3A45BD967DAC3C /* Poppins-SemiBoldItalic.ttf in Resources */,
				64B0B64D24864206A125240B /* Poppins-Thin.ttf in Resources */,
				76EC7BADD83E445D9F8E9EA0 /* Poppins-ThinItalic.ttf in Resources */,
				97766FCFD70B4753A6FB69F4 /* Inter-VariableFont_slnt,wght 2.ttf in Resources */,
				A551167D9BCB480ABA87E4B4 /* Inter-VariableFont_slnt,wght.ttf in Resources */,
				35802672A17E4BC09CEAF02F /* Inter-Black.ttf in Resources */,
				99EE476C66334E81BB0DE110 /* Inter-Bold.ttf in Resources */,
				76F1D04664544DAE858700DA /* Inter-ExtraBold.ttf in Resources */,
				84AE3D4687EA474E9B44D81A /* Inter-ExtraLight.ttf in Resources */,
				C4FD115BCBFB44AC98805CF4 /* Inter-Light.ttf in Resources */,
				74D1AA562A4A503C0079992B /* GoogleService-Info.plist in Resources */,
				5466310B98FB46C897701CE3 /* Inter-Medium.ttf in Resources */,
				F2FF81DC78C94849AAB39136 /* Inter-Regular.ttf in Resources */,
				50E025E8437642748EFCE04B /* Inter-SemiBold.ttf in Resources */,
				5C832506BAB044C1BD6DFBD3 /* Inter-Thin.ttf in Resources */,
				45CD1CDD408341AD91938BAA /* OFL.txt in Resources */,
				682FDC03E6C24B7EBC896422 /* README 2.txt in Resources */,
				2E656CBAF9454375BD1E617E /* README.txt in Resources */,
			);
			runOnlyForDeploymentPostprocessing = 0;
		};
/* End PBXResourcesBuildPhase section */

/* Begin PBXShellScriptBuildPhase section */
		00676A81308671BA0C7CC4E5 /* [CP] Embed Pods Frameworks */ = {
			isa = PBXShellScriptBuildPhase;
			buildActionMask = 2147483647;
			files = (
			);
			inputFileListPaths = (
				"${PODS_ROOT}/Target Support Files/Pods-Callie-CallieTests/Pods-Callie-CallieTests-frameworks-${CONFIGURATION}-input-files.xcfilelist",
			);
			name = "[CP] Embed Pods Frameworks";
			outputFileListPaths = (
				"${PODS_ROOT}/Target Support Files/Pods-Callie-CallieTests/Pods-Callie-CallieTests-frameworks-${CONFIGURATION}-output-files.xcfilelist",
			);
			runOnlyForDeploymentPostprocessing = 0;
			shellPath = /bin/sh;
			shellScript = "\"${PODS_ROOT}/Target Support Files/Pods-Callie-CallieTests/Pods-Callie-CallieTests-frameworks.sh\"\n";
			showEnvVarsInLog = 0;
		};
		00DD1BFF1BD5951E006B06BC /* Bundle React Native code and images */ = {
			isa = PBXShellScriptBuildPhase;
			buildActionMask = 2147483647;
			files = (
			);
			inputPaths = (
				"$(SRCROOT)/.xcode.env.local",
				"$(SRCROOT)/.xcode.env",
			);
			name = "Bundle React Native code and images";
			outputPaths = (
			);
			runOnlyForDeploymentPostprocessing = 0;
			shellPath = /bin/sh;
			shellScript = "set -e\n\nWITH_ENVIRONMENT=\"../node_modules/react-native/scripts/xcode/with-environment.sh\"\nREACT_NATIVE_XCODE=\"../node_modules/react-native/scripts/react-native-xcode.sh\"\n\n/bin/sh -c \"$WITH_ENVIRONMENT $REACT_NATIVE_XCODE\"\n";
		};
		150D37F5FE4C83B507663897 /* [CP] Check Pods Manifest.lock */ = {
			isa = PBXShellScriptBuildPhase;
			buildActionMask = 2147483647;
			files = (
			);
			inputFileListPaths = (
			);
			inputPaths = (
				"${PODS_PODFILE_DIR_PATH}/Podfile.lock",
				"${PODS_ROOT}/Manifest.lock",
			);
			name = "[CP] Check Pods Manifest.lock";
			outputFileListPaths = (
			);
			outputPaths = (
				"$(DERIVED_FILE_DIR)/Pods-Callie-CallieTests-checkManifestLockResult.txt",
			);
			runOnlyForDeploymentPostprocessing = 0;
			shellPath = /bin/sh;
			shellScript = "diff \"${PODS_PODFILE_DIR_PATH}/Podfile.lock\" \"${PODS_ROOT}/Manifest.lock\" > /dev/null\nif [ $? != 0 ] ; then\n    # print error to STDERR\n    echo \"error: The sandbox is not in sync with the Podfile.lock. Run 'pod install' or update your CocoaPods installation.\" >&2\n    exit 1\nfi\n# This output is used by Xcode 'outputs' to avoid re-running this script phase.\necho \"SUCCESS\" > \"${SCRIPT_OUTPUT_FILE_0}\"\n";
			showEnvVarsInLog = 0;
		};
		62833740805AC12318392AFA /* [CP] Embed Pods Frameworks */ = {
			isa = PBXShellScriptBuildPhase;
			buildActionMask = 2147483647;
			files = (
			);
			inputFileListPaths = (
				"${PODS_ROOT}/Target Support Files/Pods-Callie/Pods-Callie-frameworks-${CONFIGURATION}-input-files.xcfilelist",
			);
			name = "[CP] Embed Pods Frameworks";
			outputFileListPaths = (
				"${PODS_ROOT}/Target Support Files/Pods-Callie/Pods-Callie-frameworks-${CONFIGURATION}-output-files.xcfilelist",
			);
			runOnlyForDeploymentPostprocessing = 0;
			shellPath = /bin/sh;
			shellScript = "\"${PODS_ROOT}/Target Support Files/Pods-Callie/Pods-Callie-frameworks.sh\"\n";
			showEnvVarsInLog = 0;
		};
		634EF90D1017DECCBBF1F1D6 /* [CP] Copy Pods Resources */ = {
			isa = PBXShellScriptBuildPhase;
			buildActionMask = 2147483647;
			files = (
			);
			inputFileListPaths = (
				"${PODS_ROOT}/Target Support Files/Pods-Callie-CallieTests/Pods-Callie-CallieTests-resources-${CONFIGURATION}-input-files.xcfilelist",
			);
			name = "[CP] Copy Pods Resources";
			outputFileListPaths = (
				"${PODS_ROOT}/Target Support Files/Pods-Callie-CallieTests/Pods-Callie-CallieTests-resources-${CONFIGURATION}-output-files.xcfilelist",
			);
			runOnlyForDeploymentPostprocessing = 0;
			shellPath = /bin/sh;
			shellScript = "\"${PODS_ROOT}/Target Support Files/Pods-Callie-CallieTests/Pods-Callie-CallieTests-resources.sh\"\n";
			showEnvVarsInLog = 0;
		};
		B0E8ADC1BF83DCE872115C9A /* [CP] Copy Pods Resources */ = {
			isa = PBXShellScriptBuildPhase;
			buildActionMask = 2147483647;
			files = (
			);
			inputFileListPaths = (
				"${PODS_ROOT}/Target Support Files/Pods-Callie/Pods-Callie-resources-${CONFIGURATION}-input-files.xcfilelist",
			);
			name = "[CP] Copy Pods Resources";
			outputFileListPaths = (
				"${PODS_ROOT}/Target Support Files/Pods-Callie/Pods-Callie-resources-${CONFIGURATION}-output-files.xcfilelist",
			);
			runOnlyForDeploymentPostprocessing = 0;
			shellPath = /bin/sh;
			shellScript = "\"${PODS_ROOT}/Target Support Files/Pods-Callie/Pods-Callie-resources.sh\"\n";
			showEnvVarsInLog = 0;
		};
		DCDF90101C4BEFCEC543A9BB /* [CP-User] [RNFB] Core Configuration */ = {
			isa = PBXShellScriptBuildPhase;
			buildActionMask = 2147483647;
			files = (
			);
			inputPaths = (
				"$(BUILT_PRODUCTS_DIR)/$(INFOPLIST_PATH)",
			);
			name = "[CP-User] [RNFB] Core Configuration";
			runOnlyForDeploymentPostprocessing = 0;
			shellPath = /bin/sh;
			shellScript = "#!/usr/bin/env bash\n#\n# Copyright (c) 2016-present Invertase Limited & Contributors\n#\n# Licensed under the Apache License, Version 2.0 (the \"License\");\n# you may not use this library except in compliance with the License.\n# You may obtain a copy of the License at\n#\n#   http://www.apache.org/licenses/LICENSE-2.0\n#\n# Unless required by applicable law or agreed to in writing, software\n# distributed under the License is distributed on an \"AS IS\" BASIS,\n# WITHOUT WARRANTIES OR CONDITIONS OF ANY KIND, either express or implied.\n# See the License for the specific language governing permissions and\n# limitations under the License.\n#\nset -e\n\n_MAX_LOOKUPS=2;\n_SEARCH_RESULT=''\n_RN_ROOT_EXISTS=''\n_CURRENT_LOOKUPS=1\n_JSON_ROOT=\"'react-native'\"\n_JSON_FILE_NAME='firebase.json'\n_JSON_OUTPUT_BASE64='e30=' # { }\n_CURRENT_SEARCH_DIR=${PROJECT_DIR}\n_PLIST_BUDDY=/usr/libexec/PlistBuddy\n_TARGET_PLIST=\"${BUILT_PRODUCTS_DIR}/${INFOPLIST_PATH}\"\n_DSYM_PLIST=\"${DWARF_DSYM_FOLDER_PATH}/${DWARF_DSYM_FILE_NAME}/Contents/Info.plist\"\n\n# plist arrays\n_PLIST_ENTRY_KEYS=()\n_PLIST_ENTRY_TYPES=()\n_PLIST_ENTRY_VALUES=()\n\nfunction setPlistValue {\n  echo \"info:      setting plist entry '$1' of type '$2' in file '$4'\"\n  ${_PLIST_BUDDY} -c \"Add :$1 $2 '$3'\" $4 || echo \"info:      '$1' already exists\"\n}\n\nfunction getFirebaseJsonKeyValue () {\n  if [[ ${_RN_ROOT_EXISTS} ]]; then\n    ruby -Ku -e \"require 'rubygems';require 'json'; output=JSON.parse('$1'); puts output[$_JSON_ROOT]['$2']\"\n  else\n    echo \"\"\n  fi;\n}\n\nfunction jsonBoolToYesNo () {\n  if [[ $1 == \"false\" ]]; then\n    echo \"NO\"\n  elif [[ $1 == \"true\" ]]; then\n    echo \"YES\"\n  else echo \"NO\"\n  fi\n}\n\necho \"info: -> RNFB build script started\"\necho \"info: 1) Locating ${_JSON_FILE_NAME} file:\"\n\nif [[ -z ${_CURRENT_SEARCH_DIR} ]]; then\n  _CURRENT_SEARCH_DIR=$(pwd)\nfi;\n\nwhile true; do\n  _CURRENT_SEARCH_DIR=$(dirname \"$_CURRENT_SEARCH_DIR\")\n  if [[ \"$_CURRENT_SEARCH_DIR\" == \"/\" ]] || [[ ${_CURRENT_LOOKUPS} -gt ${_MAX_LOOKUPS} ]]; then break; fi;\n  echo \"info:      ($_CURRENT_LOOKUPS of $_MAX_LOOKUPS) Searching in '$_CURRENT_SEARCH_DIR' for a ${_JSON_FILE_NAME} file.\"\n  _SEARCH_RESULT=$(find \"$_CURRENT_SEARCH_DIR\" -maxdepth 2 -name ${_JSON_FILE_NAME} -print | /usr/bin/head -n 1)\n  if [[ ${_SEARCH_RESULT} ]]; then\n    echo \"info:      ${_JSON_FILE_NAME} found at $_SEARCH_RESULT\"\n    break;\n  fi;\n  _CURRENT_LOOKUPS=$((_CURRENT_LOOKUPS+1))\ndone\n\nif [[ ${_SEARCH_RESULT} ]]; then\n  _JSON_OUTPUT_RAW=$(cat \"${_SEARCH_RESULT}\")\n  _RN_ROOT_EXISTS=$(ruby -Ku -e \"require 'rubygems';require 'json'; output=JSON.parse('$_JSON_OUTPUT_RAW'); puts output[$_JSON_ROOT]\" || echo '')\n\n  if [[ ${_RN_ROOT_EXISTS} ]]; then\n    if ! python3 --version >/dev/null 2>&1; then echo \"python3 not found, firebase.json file processing error.\" && exit 1; fi\n    _JSON_OUTPUT_BASE64=$(python3 -c 'import json,sys,base64;print(base64.b64encode(bytes(json.dumps(json.loads(open('\"'${_SEARCH_RESULT}'\"', '\"'rb'\"').read())['${_JSON_ROOT}']), '\"'utf-8'\"')).decode())' || echo \"e30=\")\n  fi\n\n  _PLIST_ENTRY_KEYS+=(\"firebase_json_raw\")\n  _PLIST_ENTRY_TYPES+=(\"string\")\n  _PLIST_ENTRY_VALUES+=(\"$_JSON_OUTPUT_BASE64\")\n\n  # config.app_data_collection_default_enabled\n  _APP_DATA_COLLECTION_ENABLED=$(getFirebaseJsonKeyValue \"$_JSON_OUTPUT_RAW\" \"app_data_collection_default_enabled\")\n  if [[ $_APP_DATA_COLLECTION_ENABLED ]]; then\n    _PLIST_ENTRY_KEYS+=(\"FirebaseDataCollectionDefaultEnabled\")\n    _PLIST_ENTRY_TYPES+=(\"bool\")\n    _PLIST_ENTRY_VALUES+=(\"$(jsonBoolToYesNo \"$_APP_DATA_COLLECTION_ENABLED\")\")\n  fi\n\n  # config.analytics_auto_collection_enabled\n  _ANALYTICS_AUTO_COLLECTION=$(getFirebaseJsonKeyValue \"$_JSON_OUTPUT_RAW\" \"analytics_auto_collection_enabled\")\n  if [[ $_ANALYTICS_AUTO_COLLECTION ]]; then\n    _PLIST_ENTRY_KEYS+=(\"FIREBASE_ANALYTICS_COLLECTION_ENABLED\")\n    _PLIST_ENTRY_TYPES+=(\"bool\")\n    _PLIST_ENTRY_VALUES+=(\"$(jsonBoolToYesNo \"$_ANALYTICS_AUTO_COLLECTION\")\")\n  fi\n\n  # config.analytics_collection_deactivated\n  _ANALYTICS_DEACTIVATED=$(getFirebaseJsonKeyValue \"$_JSON_OUTPUT_RAW\" \"analytics_collection_deactivated\")\n  if [[ $_ANALYTICS_DEACTIVATED ]]; then\n    _PLIST_ENTRY_KEYS+=(\"FIREBASE_ANALYTICS_COLLECTION_DEACTIVATED\")\n    _PLIST_ENTRY_TYPES+=(\"bool\")\n    _PLIST_ENTRY_VALUES+=(\"$(jsonBoolToYesNo \"$_ANALYTICS_DEACTIVATED\")\")\n  fi\n\n  # config.analytics_idfv_collection_enabled\n  _ANALYTICS_IDFV_COLLECTION=$(getFirebaseJsonKeyValue \"$_JSON_OUTPUT_RAW\" \"analytics_idfv_collection_enabled\")\n  if [[ $_ANALYTICS_IDFV_COLLECTION ]]; then\n    _PLIST_ENTRY_KEYS+=(\"GOOGLE_ANALYTICS_IDFV_COLLECTION_ENABLED\")\n    _PLIST_ENTRY_TYPES+=(\"bool\")\n    _PLIST_ENTRY_VALUES+=(\"$(jsonBoolToYesNo \"$_ANALYTICS_IDFV_COLLECTION\")\")\n  fi\n\n  # config.analytics_default_allow_ad_personalization_signals\n  _ANALYTICS_PERSONALIZATION=$(getFirebaseJsonKeyValue \"$_JSON_OUTPUT_RAW\" \"analytics_default_allow_ad_personalization_signals\")\n  if [[ $_ANALYTICS_PERSONALIZATION ]]; then\n    _PLIST_ENTRY_KEYS+=(\"GOOGLE_ANALYTICS_DEFAULT_ALLOW_AD_PERSONALIZATION_SIGNALS\")\n    _PLIST_ENTRY_TYPES+=(\"bool\")\n    _PLIST_ENTRY_VALUES+=(\"$(jsonBoolToYesNo \"$_ANALYTICS_PERSONALIZATION\")\")\n  fi\n\n  # config.analytics_registration_with_ad_network_enabled\n  _ANALYTICS_REGISTRATION_WITH_AD_NETWORK=$(getFirebaseJsonKeyValue \"$_JSON_OUTPUT_RAW\" \"google_analytics_registration_with_ad_network_enabled\")\n  if [[ $_ANALYTICS_REGISTRATION_WITH_AD_NETWORK ]]; then\n    _PLIST_ENTRY_KEYS+=(\"GOOGLE_ANALYTICS_REGISTRATION_WITH_AD_NETWORK_ENABLED\")\n    _PLIST_ENTRY_TYPES+=(\"bool\")\n    _PLIST_ENTRY_VALUES+=(\"$(jsonBoolToYesNo \"$_ANALYTICS_REGISTRATION_WITH_AD_NETWORK\")\")\n  fi\n\n  # config.google_analytics_automatic_screen_reporting_enabled\n  _ANALYTICS_AUTO_SCREEN_REPORTING=$(getFirebaseJsonKeyValue \"$_JSON_OUTPUT_RAW\" \"google_analytics_automatic_screen_reporting_enabled\")\n  if [[ $_ANALYTICS_AUTO_SCREEN_REPORTING ]]; then\n    _PLIST_ENTRY_KEYS+=(\"FirebaseAutomaticScreenReportingEnabled\")\n    _PLIST_ENTRY_TYPES+=(\"bool\")\n    _PLIST_ENTRY_VALUES+=(\"$(jsonBoolToYesNo \"$_ANALYTICS_AUTO_SCREEN_REPORTING\")\")\n  fi\n\n  # config.perf_auto_collection_enabled\n  _PERF_AUTO_COLLECTION=$(getFirebaseJsonKeyValue \"$_JSON_OUTPUT_RAW\" \"perf_auto_collection_enabled\")\n  if [[ $_PERF_AUTO_COLLECTION ]]; then\n    _PLIST_ENTRY_KEYS+=(\"firebase_performance_collection_enabled\")\n    _PLIST_ENTRY_TYPES+=(\"bool\")\n    _PLIST_ENTRY_VALUES+=(\"$(jsonBoolToYesNo \"$_PERF_AUTO_COLLECTION\")\")\n  fi\n\n  # config.perf_collection_deactivated\n  _PERF_DEACTIVATED=$(getFirebaseJsonKeyValue \"$_JSON_OUTPUT_RAW\" \"perf_collection_deactivated\")\n  if [[ $_PERF_DEACTIVATED ]]; then\n    _PLIST_ENTRY_KEYS+=(\"firebase_performance_collection_deactivated\")\n    _PLIST_ENTRY_TYPES+=(\"bool\")\n    _PLIST_ENTRY_VALUES+=(\"$(jsonBoolToYesNo \"$_PERF_DEACTIVATED\")\")\n  fi\n\n  # config.messaging_auto_init_enabled\n  _MESSAGING_AUTO_INIT=$(getFirebaseJsonKeyValue \"$_JSON_OUTPUT_RAW\" \"messaging_auto_init_enabled\")\n  if [[ $_MESSAGING_AUTO_INIT ]]; then\n    _PLIST_ENTRY_KEYS+=(\"FirebaseMessagingAutoInitEnabled\")\n    _PLIST_ENTRY_TYPES+=(\"bool\")\n    _PLIST_ENTRY_VALUES+=(\"$(jsonBoolToYesNo \"$_MESSAGING_AUTO_INIT\")\")\n  fi\n\n  # config.in_app_messaging_auto_colllection_enabled\n  _FIAM_AUTO_INIT=$(getFirebaseJsonKeyValue \"$_JSON_OUTPUT_RAW\" \"in_app_messaging_auto_collection_enabled\")\n  if [[ $_FIAM_AUTO_INIT ]]; then\n    _PLIST_ENTRY_KEYS+=(\"FirebaseInAppMessagingAutomaticDataCollectionEnabled\")\n    _PLIST_ENTRY_TYPES+=(\"bool\")\n    _PLIST_ENTRY_VALUES+=(\"$(jsonBoolToYesNo \"$_FIAM_AUTO_INIT\")\")\n  fi\n\n  # config.app_check_token_auto_refresh\n  _APP_CHECK_TOKEN_AUTO_REFRESH=$(getFirebaseJsonKeyValue \"$_JSON_OUTPUT_RAW\" \"app_check_token_auto_refresh\")\n  if [[ $_APP_CHECK_TOKEN_AUTO_REFRESH ]]; then\n    _PLIST_ENTRY_KEYS+=(\"FirebaseAppCheckTokenAutoRefreshEnabled\")\n    _PLIST_ENTRY_TYPES+=(\"bool\")\n    _PLIST_ENTRY_VALUES+=(\"$(jsonBoolToYesNo \"$_APP_CHECK_TOKEN_AUTO_REFRESH\")\")\n  fi\n\n  # config.crashlytics_disable_auto_disabler - undocumented for now - mainly for debugging, document if becomes useful\n  _CRASHLYTICS_AUTO_DISABLE_ENABLED=$(getFirebaseJsonKeyValue \"$_JSON_OUTPUT_RAW\" \"crashlytics_disable_auto_disabler\")\n  if [[ $_CRASHLYTICS_AUTO_DISABLE_ENABLED == \"true\" ]]; then\n    echo \"Disabled Crashlytics auto disabler.\" # do nothing\n  else\n    _PLIST_ENTRY_KEYS+=(\"FirebaseCrashlyticsCollectionEnabled\")\n    _PLIST_ENTRY_TYPES+=(\"bool\")\n    _PLIST_ENTRY_VALUES+=(\"NO\")\n  fi\nelse\n  _PLIST_ENTRY_KEYS+=(\"firebase_json_raw\")\n  _PLIST_ENTRY_TYPES+=(\"string\")\n  _PLIST_ENTRY_VALUES+=(\"$_JSON_OUTPUT_BASE64\")\n  echo \"warning:   A firebase.json file was not found, whilst this file is optional it is recommended to include it to configure firebase services in React Native Firebase.\"\nfi;\n\necho \"info: 2) Injecting Info.plist entries: \"\n\n# Log out the keys we're adding\nfor i in \"${!_PLIST_ENTRY_KEYS[@]}\"; do\n  echo \"    ->  $i) ${_PLIST_ENTRY_KEYS[$i]}\" \"${_PLIST_ENTRY_TYPES[$i]}\" \"${_PLIST_ENTRY_VALUES[$i]}\"\ndone\n\nfor plist in \"${_TARGET_PLIST}\" \"${_DSYM_PLIST}\" ; do\n  if [[ -f \"${plist}\" ]]; then\n\n    # paths with spaces break the call to setPlistValue. temporarily modify\n    # the shell internal field separator variable (IFS), which normally\n    # includes spaces, to consist only of line breaks\n    oldifs=$IFS\n    IFS=\"\n\"\n\n    for i in \"${!_PLIST_ENTRY_KEYS[@]}\"; do\n      setPlistValue \"${_PLIST_ENTRY_KEYS[$i]}\" \"${_PLIST_ENTRY_TYPES[$i]}\" \"${_PLIST_ENTRY_VALUES[$i]}\" \"${plist}\"\n    done\n\n    # restore the original internal field separator value\n    IFS=$oldifs\n  else\n    echo \"warning:   A Info.plist build output file was not found (${plist})\"\n  fi\ndone\n\necho \"info: <- RNFB build script finished\"\n";
		};
		FC0C439D988B7D4118FC3DC7 /* [CP] Check Pods Manifest.lock */ = {
			isa = PBXShellScriptBuildPhase;
			buildActionMask = 2147483647;
			files = (
			);
			inputFileListPaths = (
			);
			inputPaths = (
				"${PODS_PODFILE_DIR_PATH}/Podfile.lock",
				"${PODS_ROOT}/Manifest.lock",
			);
			name = "[CP] Check Pods Manifest.lock";
			outputFileListPaths = (
			);
			outputPaths = (
				"$(DERIVED_FILE_DIR)/Pods-Callie-checkManifestLockResult.txt",
			);
			runOnlyForDeploymentPostprocessing = 0;
			shellPath = /bin/sh;
			shellScript = "diff \"${PODS_PODFILE_DIR_PATH}/Podfile.lock\" \"${PODS_ROOT}/Manifest.lock\" > /dev/null\nif [ $? != 0 ] ; then\n    # print error to STDERR\n    echo \"error: The sandbox is not in sync with the Podfile.lock. Run 'pod install' or update your CocoaPods installation.\" >&2\n    exit 1\nfi\n# This output is used by Xcode 'outputs' to avoid re-running this script phase.\necho \"SUCCESS\" > \"${SCRIPT_OUTPUT_FILE_0}\"\n";
			showEnvVarsInLog = 0;
		};
		FD10A7F022414F080027D42C /* Start Packager */ = {
			isa = PBXShellScriptBuildPhase;
			buildActionMask = 2147483647;
			files = (
			);
			inputFileListPaths = (
			);
			inputPaths = (
			);
			name = "Start Packager";
			outputFileListPaths = (
			);
			outputPaths = (
			);
			runOnlyForDeploymentPostprocessing = 0;
			shellPath = /bin/sh;
			shellScript = "export RCT_METRO_PORT=\"${RCT_METRO_PORT:=8081}\"\necho \"export RCT_METRO_PORT=${RCT_METRO_PORT}\" > \"${SRCROOT}/../node_modules/react-native/scripts/.packager.env\"\nif [ -z \"${RCT_NO_LAUNCH_PACKAGER+xxx}\" ] ; then\n  if nc -w 5 -z localhost ${RCT_METRO_PORT} ; then\n    if ! curl -s \"http://localhost:${RCT_METRO_PORT}/status\" | grep -q \"packager-status:running\" ; then\n      echo \"Port ${RCT_METRO_PORT} already in use, packager is either not running or not running correctly\"\n      exit 2\n    fi\n  else\n    open \"$SRCROOT/../node_modules/react-native/scripts/launchPackager.command\" || echo \"Can't start packager automatically\"\n  fi\nfi\n";
			showEnvVarsInLog = 0;
		};
/* End PBXShellScriptBuildPhase section */

/* Begin PBXSourcesBuildPhase section */
		00E356EA1AD99517003FC87E /* Sources */ = {
			isa = PBXSourcesBuildPhase;
			buildActionMask = 2147483647;
			files = (
				00E356F31AD99517003FC87E /* CallieTests.m in Sources */,
			);
			runOnlyForDeploymentPostprocessing = 0;
		};
		13B07F871A680F5B00A75B9A /* Sources */ = {
			isa = PBXSourcesBuildPhase;
			buildActionMask = 2147483647;
			files = (
				13B07FBC1A68108700A75B9A /* AppDelegate.mm in Sources */,
				13B07FC11A68108700A75B9A /* main.m in Sources */,
			);
			runOnlyForDeploymentPostprocessing = 0;
		};
/* End PBXSourcesBuildPhase section */

/* Begin PBXTargetDependency section */
		00E356F51AD99517003FC87E /* PBXTargetDependency */ = {
			isa = PBXTargetDependency;
			target = 13B07F861A680F5B00A75B9A /* Callie */;
			targetProxy = 00E356F41AD99517003FC87E /* PBXContainerItemProxy */;
		};
/* End PBXTargetDependency section */

/* Begin XCBuildConfiguration section */
		00E356F61AD99517003FC87E /* Debug */ = {
			isa = XCBuildConfiguration;
			baseConfigurationReference = 8A647F3BDDDEAD5782BDEE19 /* Pods-Callie-CallieTests.debug.xcconfig */;
			buildSettings = {
				BUNDLE_LOADER = "$(TEST_HOST)";
				DEVELOPMENT_TEAM = 8YC552N395;
				GCC_PREPROCESSOR_DEFINITIONS = (
					"DEBUG=1",
					"$(inherited)",
				);
				INFOPLIST_FILE = CallieTests/Info.plist;
				IPHONEOS_DEPLOYMENT_TARGET = 12.4;
				LD_RUNPATH_SEARCH_PATHS = (
					"$(inherited)",
					"@executable_path/Frameworks",
					"@loader_path/Frameworks",
				);
				OTHER_LDFLAGS = (
					"-ObjC",
					"-lc++",
					"$(inherited)",
				);
				PRODUCT_BUNDLE_IDENTIFIER = com.PersonalLi.Callie;
				PRODUCT_NAME = "$(TARGET_NAME)";
				TEST_HOST = "$(BUILT_PRODUCTS_DIR)/Callie.app/Callie";
			};
			name = Debug;
		};
		00E356F71AD99517003FC87E /* Release */ = {
			isa = XCBuildConfiguration;
			baseConfigurationReference = F6D4575B42BEB0CC84BE29BD /* Pods-Callie-CallieTests.release.xcconfig */;
			buildSettings = {
				BUNDLE_LOADER = "$(TEST_HOST)";
				COPY_PHASE_STRIP = NO;
				DEVELOPMENT_TEAM = 8YC552N395;
				INFOPLIST_FILE = CallieTests/Info.plist;
				IPHONEOS_DEPLOYMENT_TARGET = 12.4;
				LD_RUNPATH_SEARCH_PATHS = (
					"$(inherited)",
					"@executable_path/Frameworks",
					"@loader_path/Frameworks",
				);
				OTHER_LDFLAGS = (
					"-ObjC",
					"-lc++",
					"$(inherited)",
				);
				PRODUCT_BUNDLE_IDENTIFIER = com.PersonalLi.Callie;
				PRODUCT_NAME = "$(TARGET_NAME)";
				TEST_HOST = "$(BUILT_PRODUCTS_DIR)/Callie.app/Callie";
			};
			name = Release;
		};
		13B07F941A680F5B00A75B9A /* Debug */ = {
			isa = XCBuildConfiguration;
			baseConfigurationReference = 7B1C46EC840344096B2A8254 /* Pods-Callie.debug.xcconfig */;
			buildSettings = {
				ASSETCATALOG_COMPILER_APPICON_NAME = AppIcon;
				CLANG_ENABLE_MODULES = YES;
				CODE_SIGN_IDENTITY = "Apple Development";
				CODE_SIGN_STYLE = Automatic;
				CURRENT_PROJECT_VERSION = 6;
				DEVELOPMENT_TEAM = 8YC552N395;
				ENABLE_BITCODE = NO;
				INFOPLIST_FILE = Callie/Info.plist;
				INFOPLIST_KEY_CFBundleDisplayName = "Your Callie";
				LD_RUNPATH_SEARCH_PATHS = (
					"$(inherited)",
					"@executable_path/Frameworks",
				);
				MARKETING_VERSION = 1.0.0;
				OTHER_LDFLAGS = (
					"$(inherited)",
					"-ObjC",
					"-lc++",
				);
				PRODUCT_BUNDLE_IDENTIFIER = com.PersonalLi.Callie;
				PRODUCT_NAME = Callie;
				PROVISIONING_PROFILE_SPECIFIER = "";
				SWIFT_OPTIMIZATION_LEVEL = "-Onone";
				SWIFT_VERSION = 5.0;
				VERSIONING_SYSTEM = "apple-generic";
			};
			name = Debug;
		};
		13B07F951A680F5B00A75B9A /* Release */ = {
			isa = XCBuildConfiguration;
			baseConfigurationReference = 5EF38957B8A8DBBE966308BD /* Pods-Callie.release.xcconfig */;
			buildSettings = {
				ASSETCATALOG_COMPILER_APPICON_NAME = AppIcon;
				CLANG_ENABLE_MODULES = YES;
				CODE_SIGN_IDENTITY = "Apple Development";
				CODE_SIGN_STYLE = Automatic;
				CURRENT_PROJECT_VERSION = 6;
				DEVELOPMENT_TEAM = 8YC552N395;
				INFOPLIST_FILE = Callie/Info.plist;
				INFOPLIST_KEY_CFBundleDisplayName = "Your Callie";
				LD_RUNPATH_SEARCH_PATHS = (
					"$(inherited)",
					"@executable_path/Frameworks",
				);
				MARKETING_VERSION = 1.0.0;
				OTHER_LDFLAGS = (
					"$(inherited)",
					"-ObjC",
					"-lc++",
				);
				PRODUCT_BUNDLE_IDENTIFIER = com.PersonalLi.Callie;
				PRODUCT_NAME = Callie;
				PROVISIONING_PROFILE_SPECIFIER = "";
				SWIFT_VERSION = 5.0;
				VERSIONING_SYSTEM = "apple-generic";
			};
			name = Release;
		};
		83CBBA201A601CBA00E9B192 /* Debug */ = {
			isa = XCBuildConfiguration;
			buildSettings = {
				ALWAYS_SEARCH_USER_PATHS = NO;
				CLANG_ANALYZER_LOCALIZABILITY_NONLOCALIZED = YES;
				CLANG_CXX_LANGUAGE_STANDARD = "c++17";
				CLANG_CXX_LIBRARY = "libc++";
				CLANG_ENABLE_MODULES = YES;
				CLANG_ENABLE_OBJC_ARC = YES;
				CLANG_WARN_BLOCK_CAPTURE_AUTORELEASING = YES;
				CLANG_WARN_BOOL_CONVERSION = YES;
				CLANG_WARN_COMMA = YES;
				CLANG_WARN_CONSTANT_CONVERSION = YES;
				CLANG_WARN_DEPRECATED_OBJC_IMPLEMENTATIONS = YES;
				CLANG_WARN_DIRECT_OBJC_ISA_USAGE = YES_ERROR;
				CLANG_WARN_EMPTY_BODY = YES;
				CLANG_WARN_ENUM_CONVERSION = YES;
				CLANG_WARN_INFINITE_RECURSION = YES;
				CLANG_WARN_INT_CONVERSION = YES;
				CLANG_WARN_NON_LITERAL_NULL_CONVERSION = YES;
				CLANG_WARN_OBJC_IMPLICIT_RETAIN_SELF = YES;
				CLANG_WARN_OBJC_LITERAL_CONVERSION = YES;
				CLANG_WARN_OBJC_ROOT_CLASS = YES_ERROR;
				CLANG_WARN_QUOTED_INCLUDE_IN_FRAMEWORK_HEADER = YES;
				CLANG_WARN_RANGE_LOOP_ANALYSIS = YES;
				CLANG_WARN_STRICT_PROTOTYPES = YES;
				CLANG_WARN_SUSPICIOUS_MOVE = YES;
				CLANG_WARN_UNREACHABLE_CODE = YES;
				CLANG_WARN__DUPLICATE_METHOD_MATCH = YES;
				"CODE_SIGN_IDENTITY[sdk=iphoneos*]" = "iPhone Developer";
				COPY_PHASE_STRIP = NO;
				ENABLE_STRICT_OBJC_MSGSEND = YES;
				ENABLE_TESTABILITY = YES;
				"EXCLUDED_ARCHS[sdk=iphonesimulator*]" = i386;
				GCC_C_LANGUAGE_STANDARD = gnu99;
				GCC_DYNAMIC_NO_PIC = NO;
				GCC_NO_COMMON_BLOCKS = YES;
				GCC_OPTIMIZATION_LEVEL = 0;
				GCC_PREPROCESSOR_DEFINITIONS = (
					"DEBUG=1",
					"$(inherited)",
				);
				GCC_SYMBOLS_PRIVATE_EXTERN = NO;
				GCC_WARN_64_TO_32_BIT_CONVERSION = YES;
				GCC_WARN_ABOUT_RETURN_TYPE = YES_ERROR;
				GCC_WARN_UNDECLARED_SELECTOR = YES;
				GCC_WARN_UNINITIALIZED_AUTOS = YES_AGGRESSIVE;
				GCC_WARN_UNUSED_FUNCTION = YES;
				GCC_WARN_UNUSED_VARIABLE = YES;
				IPHONEOS_DEPLOYMENT_TARGET = 12.4;
				LD_RUNPATH_SEARCH_PATHS = (
					/usr/lib/swift,
					"$(inherited)",
				);
				LIBRARY_SEARCH_PATHS = (
					"\"$(SDKROOT)/usr/lib/swift\"",
					"\"$(TOOLCHAIN_DIR)/usr/lib/swift/$(PLATFORM_NAME)\"",
					"\"$(inherited)\"",
				);
				MTL_ENABLE_DEBUG_INFO = YES;
				ONLY_ACTIVE_ARCH = YES;
				OTHER_CPLUSPLUSFLAGS = (
					"$(OTHER_CFLAGS)",
					"-DFOLLY_NO_CONFIG",
					"-DFOLLY_MOBILE=1",
					"-DFOLLY_USE_LIBCPP=1",
				);
				REACT_NATIVE_PATH = "${PODS_ROOT}/../../node_modules/react-native";
				SDKROOT = iphoneos;
			};
			name = Debug;
		};
		83CBBA211A601CBA00E9B192 /* Release */ = {
			isa = XCBuildConfiguration;
			buildSettings = {
				ALWAYS_SEARCH_USER_PATHS = NO;
				CLANG_ANALYZER_LOCALIZABILITY_NONLOCALIZED = YES;
				CLANG_CXX_LANGUAGE_STANDARD = "c++17";
				CLANG_CXX_LIBRARY = "libc++";
				CLANG_ENABLE_MODULES = YES;
				CLANG_ENABLE_OBJC_ARC = YES;
				CLANG_WARN_BLOCK_CAPTURE_AUTORELEASING = YES;
				CLANG_WARN_BOOL_CONVERSION = YES;
				CLANG_WARN_COMMA = YES;
				CLANG_WARN_CONSTANT_CONVERSION = YES;
				CLANG_WARN_DEPRECATED_OBJC_IMPLEMENTATIONS = YES;
				CLANG_WARN_DIRECT_OBJC_ISA_USAGE = YES_ERROR;
				CLANG_WARN_EMPTY_BODY = YES;
				CLANG_WARN_ENUM_CONVERSION = YES;
				CLANG_WARN_INFINITE_RECURSION = YES;
				CLANG_WARN_INT_CONVERSION = YES;
				CLANG_WARN_NON_LITERAL_NULL_CONVERSION = YES;
				CLANG_WARN_OBJC_IMPLICIT_RETAIN_SELF = YES;
				CLANG_WARN_OBJC_LITERAL_CONVERSION = YES;
				CLANG_WARN_OBJC_ROOT_CLASS = YES_ERROR;
				CLANG_WARN_QUOTED_INCLUDE_IN_FRAMEWORK_HEADER = YES;
				CLANG_WARN_RANGE_LOOP_ANALYSIS = YES;
				CLANG_WARN_STRICT_PROTOTYPES = YES;
				CLANG_WARN_SUSPICIOUS_MOVE = YES;
				CLANG_WARN_UNREACHABLE_CODE = YES;
				CLANG_WARN__DUPLICATE_METHOD_MATCH = YES;
				"CODE_SIGN_IDENTITY[sdk=iphoneos*]" = "iPhone Developer";
				COPY_PHASE_STRIP = YES;
				ENABLE_NS_ASSERTIONS = NO;
				ENABLE_STRICT_OBJC_MSGSEND = YES;
				"EXCLUDED_ARCHS[sdk=iphonesimulator*]" = i386;
				GCC_C_LANGUAGE_STANDARD = gnu99;
				GCC_NO_COMMON_BLOCKS = YES;
				GCC_WARN_64_TO_32_BIT_CONVERSION = YES;
				GCC_WARN_ABOUT_RETURN_TYPE = YES_ERROR;
				GCC_WARN_UNDECLARED_SELECTOR = YES;
				GCC_WARN_UNINITIALIZED_AUTOS = YES_AGGRESSIVE;
				GCC_WARN_UNUSED_FUNCTION = YES;
				GCC_WARN_UNUSED_VARIABLE = YES;
				IPHONEOS_DEPLOYMENT_TARGET = 12.4;
				LD_RUNPATH_SEARCH_PATHS = (
					/usr/lib/swift,
					"$(inherited)",
				);
				LIBRARY_SEARCH_PATHS = (
					"\"$(SDKROOT)/usr/lib/swift\"",
					"\"$(TOOLCHAIN_DIR)/usr/lib/swift/$(PLATFORM_NAME)\"",
					"\"$(inherited)\"",
				);
				MTL_ENABLE_DEBUG_INFO = NO;
				OTHER_CPLUSPLUSFLAGS = (
					"$(OTHER_CFLAGS)",
					"-DFOLLY_NO_CONFIG",
					"-DFOLLY_MOBILE=1",
					"-DFOLLY_USE_LIBCPP=1",
				);
				REACT_NATIVE_PATH = "${PODS_ROOT}/../../node_modules/react-native";
				SDKROOT = iphoneos;
				VALIDATE_PRODUCT = YES;
			};
			name = Release;
		};
/* End XCBuildConfiguration section */

/* Begin XCConfigurationList section */
		00E357021AD99517003FC87E /* Build configuration list for PBXNativeTarget "CallieTests" */ = {
			isa = XCConfigurationList;
			buildConfigurations = (
				00E356F61AD99517003FC87E /* Debug */,
				00E356F71AD99517003FC87E /* Release */,
			);
			defaultConfigurationIsVisible = 0;
			defaultConfigurationName = Release;
		};
		13B07F931A680F5B00A75B9A /* Build configuration list for PBXNativeTarget "Callie" */ = {
			isa = XCConfigurationList;
			buildConfigurations = (
				13B07F941A680F5B00A75B9A /* Debug */,
				13B07F951A680F5B00A75B9A /* Release */,
			);
			defaultConfigurationIsVisible = 0;
			defaultConfigurationName = Release;
		};
		83CBB9FA1A601CBA00E9B192 /* Build configuration list for PBXProject "Callie" */ = {
			isa = XCConfigurationList;
			buildConfigurations = (
				83CBBA201A601CBA00E9B192 /* Debug */,
				83CBBA211A601CBA00E9B192 /* Release */,
			);
			defaultConfigurationIsVisible = 0;
			defaultConfigurationName = Release;
		};
/* End XCConfigurationList section */
	};
	rootObject = 83CBB9F71A601CBA00E9B192 /* Project object */;
}
